// !$*UTF8*$!
{
	archiveVersion = 1;
	classes = {
	};
	objectVersion = 77;
	objects = {

/* Begin PBXBuildFile section */
		212996EF2D90629000810FBF /* interface.h in Headers */ = {isa = PBXBuildFile; fileRef = 212996DA2D90629000810FBF /* interface.h */; };
		212996F02D90629000810FBF /* bytes.h in Headers */ = {isa = PBXBuildFile; fileRef = 212996DE2D90629000810FBF /* bytes.h */; };
		212996F12D90629000810FBF /* thread.h in Headers */ = {isa = PBXBuildFile; fileRef = 212996E52D90629000810FBF /* thread.h */; };
		212996F22D90629000810FBF /* time.h in Headers */ = {isa = PBXBuildFile; fileRef = 212996E62D90629000810FBF /* time.h */; };
		212996F32D90629000810FBF /* list.h in Headers */ = {isa = PBXBuildFile; fileRef = 212996E12D90629000810FBF /* list.h */; };
		212996F42D90629000810FBF /* string.h in Headers */ = {isa = PBXBuildFile; fileRef = 212996E42D90629000810FBF /* string.h */; };
		212996F62D90629000810FBF /* socket_opt.h in Headers */ = {isa = PBXBuildFile; fileRef = 212996DC2D90629000810FBF /* socket_opt.h */; };
		212996F72D90629000810FBF /* log.h in Headers */ = {isa = PBXBuildFile; fileRef = 212996E22D90629000810FBF /* log.h */; };
		212996F82D90629000810FBF /* mutex.h in Headers */ = {isa = PBXBuildFile; fileRef = 212996E32D90629000810FBF /* mutex.h */; };
		212996F92D90629000810FBF /* cond.h in Headers */ = {isa = PBXBuildFile; fileRef = 212996DF2D90629000810FBF /* cond.h */; };
		212996FB2D90629000810FBF /* socket.h in Headers */ = {isa = PBXBuildFile; fileRef = 212996DB2D90629000810FBF /* socket.h */; };
		212996FC2D90629000810FBF /* dictionary.h in Headers */ = {isa = PBXBuildFile; fileRef = 212996E02D90629000810FBF /* dictionary.h */; };
		2129971C2D9062C400810FBF /* mutex.h in Headers */ = {isa = PBXBuildFile; fileRef = 2129970E2D9062C400810FBF /* mutex.h */; };
		2129971D2D9062C400810FBF /* logs.h in Headers */ = {isa = PBXBuildFile; fileRef = 2129970C2D9062C400810FBF /* logs.h */; };
		2129971E2D9062C400810FBF /* thread.h in Headers */ = {isa = PBXBuildFile; fileRef = 212997132D9062C400810FBF /* thread.h */; };
		2129971F2D9062C400810FBF /* _log.h in Headers */ = {isa = PBXBuildFile; fileRef = 212997052D9062C400810FBF /* _log.h */; };
		212997202D9062C400810FBF /* time.c in Sources */ = {isa = PBXBuildFile; fileRef = 212997162D9062C400810FBF /* time.c */; };
		212997212D9062C400810FBF /* string.c in Sources */ = {isa = PBXBuildFile; fileRef = 212997102D9062C400810FBF /* string.c */; };
		212997232D9062C400810FBF /* interface_function.c in Sources */ = {isa = PBXBuildFile; fileRef = 212996FF2D9062C400810FBF /* interface_function.c */; };
		212997242D9062C400810FBF /* thread_list.c in Sources */ = {isa = PBXBuildFile; fileRef = 212997152D9062C400810FBF /* thread_list.c */; };
		212997252D9062C400810FBF /* net_function.c in Sources */ = {isa = PBXBuildFile; fileRef = 212997012D9062C400810FBF /* net_function.c */; };
		212997262D9062C400810FBF /* socket.c in Sources */ = {isa = PBXBuildFile; fileRef = 212997022D9062C400810FBF /* socket.c */; };
		212997272D9062C400810FBF /* list.c in Sources */ = {isa = PBXBuildFile; fileRef = 2129970A2D9062C400810FBF /* list.c */; };
		212997282D9062C400810FBF /* thread.c in Sources */ = {isa = PBXBuildFile; fileRef = 212997142D9062C400810FBF /* thread.c */; };
		212997292D9062C400810FBF /* dictionary_elem.c in Sources */ = {isa = PBXBuildFile; fileRef = 212997092D9062C400810FBF /* dictionary_elem.c */; };
		2129972A2D9062C400810FBF /* string_function.c in Sources */ = {isa = PBXBuildFile; fileRef = 212997112D9062C400810FBF /* string_function.c */; };
		2129972C2D9062C400810FBF /* socket_opt.c in Sources */ = {isa = PBXBuildFile; fileRef = 212997032D9062C400810FBF /* socket_opt.c */; };
		2129972D2D9062C400810FBF /* bytes.c in Sources */ = {isa = PBXBuildFile; fileRef = 212997062D9062C400810FBF /* bytes.c */; };
		2129972E2D9062C400810FBF /* cond.c in Sources */ = {isa = PBXBuildFile; fileRef = 212997072D9062C400810FBF /* cond.c */; };
		2129972F2D9062C400810FBF /* datagram_packet.c in Sources */ = {isa = PBXBuildFile; fileRef = 212996FD2D9062C400810FBF /* datagram_packet.c */; };
		212997302D9062C400810FBF /* mutex.c in Sources */ = {isa = PBXBuildFile; fileRef = 2129970F2D9062C400810FBF /* mutex.c */; };
		212997312D9062C400810FBF /* log.c in Sources */ = {isa = PBXBuildFile; fileRef = 2129970B2D9062C400810FBF /* log.c */; };
		212997322D9062C400810FBF /* interface_list.c in Sources */ = {isa = PBXBuildFile; fileRef = 212997002D9062C400810FBF /* interface_list.c */; };
		212997332D9062C400810FBF /* logs.c in Sources */ = {isa = PBXBuildFile; fileRef = 2129970D2D9062C400810FBF /* logs.c */; };
		212997342D9062C400810FBF /* interface.c in Sources */ = {isa = PBXBuildFile; fileRef = 212996FE2D9062C400810FBF /* interface.c */; };
		212997352D9062C400810FBF /* dictionary.c in Sources */ = {isa = PBXBuildFile; fileRef = 212997082D9062C400810FBF /* dictionary.c */; };
		212997362D9062C400810FBF /* string_tokenizer.c in Sources */ = {isa = PBXBuildFile; fileRef = 212997122D9062C400810FBF /* string_tokenizer.c */; };
/* End PBXBuildFile section */

/* Begin PBXFileReference section */
		212996DA2D90629000810FBF /* interface.h */ = {isa = PBXFileReference; lastKnownFileType = sourcecode.c.h; path = interface.h; sourceTree = "<group>"; };
		212996DB2D90629000810FBF /* socket.h */ = {isa = PBXFileReference; lastKnownFileType = sourcecode.c.h; path = socket.h; sourceTree = "<group>"; };
		212996DC2D90629000810FBF /* socket_opt.h */ = {isa = PBXFileReference; lastKnownFileType = sourcecode.c.h; path = socket_opt.h; sourceTree = "<group>"; };
		212996DE2D90629000810FBF /* bytes.h */ = {isa = PBXFileReference; lastKnownFileType = sourcecode.c.h; path = bytes.h; sourceTree = "<group>"; };
		212996DF2D90629000810FBF /* cond.h */ = {isa = PBXFileReference; lastKnownFileType = sourcecode.c.h; path = cond.h; sourceTree = "<group>"; };
		212996E02D90629000810FBF /* dictionary.h */ = {isa = PBXFileReference; lastKnownFileType = sourcecode.c.h; path = dictionary.h; sourceTree = "<group>"; };
		212996E12D90629000810FBF /* list.h */ = {isa = PBXFileReference; lastKnownFileType = sourcecode.c.h; path = list.h; sourceTree = "<group>"; };
		212996E22D90629000810FBF /* log.h */ = {isa = PBXFileReference; lastKnownFileType = sourcecode.c.h; path = log.h; sourceTree = "<group>"; };
		212996E32D90629000810FBF /* mutex.h */ = {isa = PBXFileReference; lastKnownFileType = sourcecode.c.h; path = mutex.h; sourceTree = "<group>"; };
		212996E42D90629000810FBF /* string.h */ = {isa = PBXFileReference; lastKnownFileType = sourcecode.c.h; path = string.h; sourceTree = "<group>"; };
		212996E52D90629000810FBF /* thread.h */ = {isa = PBXFileReference; lastKnownFileType = sourcecode.c.h; path = thread.h; sourceTree = "<group>"; };
		212996E62D90629000810FBF /* time.h */ = {isa = PBXFileReference; lastKnownFileType = sourcecode.c.h; path = time.h; sourceTree = "<group>"; };
		212996EB2D90629000810FBF /* Makefile.am */ = {isa = PBXFileReference; lastKnownFileType = text; path = Makefile.am; sourceTree = "<group>"; };
		212996EC2D90629000810FBF /* Makefile.in */ = {isa = PBXFileReference; lastKnownFileType = text; path = Makefile.in; sourceTree = "<group>"; };
		212996ED2D90629000810FBF /* Makefile.am.build */ = {isa = PBXFileReference; lastKnownFileType = text.script.perl; path = Makefile.am.build; sourceTree = "<group>"; };
		212996FD2D9062C400810FBF /* datagram_packet.c */ = {isa = PBXFileReference; lastKnownFileType = sourcecode.c.c; path = datagram_packet.c; sourceTree = "<group>"; };
		212996FE2D9062C400810FBF /* interface.c */ = {isa = PBXFileReference; lastKnownFileType = sourcecode.c.c; path = interface.c; sourceTree = "<group>"; };
		212996FF2D9062C400810FBF /* interface_function.c */ = {isa = PBXFileReference; lastKnownFileType = sourcecode.c.c; path = interface_function.c; sourceTree = "<group>"; };
		212997002D9062C400810FBF /* interface_list.c */ = {isa = PBXFileReference; lastKnownFileType = sourcecode.c.c; path = interface_list.c; sourceTree = "<group>"; };
		212997012D9062C400810FBF /* net_function.c */ = {isa = PBXFileReference; lastKnownFileType = sourcecode.c.c; path = net_function.c; sourceTree = "<group>"; };
		212997022D9062C400810FBF /* socket.c */ = {isa = PBXFileReference; lastKnownFileType = sourcecode.c.c; path = socket.c; sourceTree = "<group>"; };
		212997032D9062C400810FBF /* socket_opt.c */ = {isa = PBXFileReference; lastKnownFileType = sourcecode.c.c; path = socket_opt.c; sourceTree = "<group>"; };
		212997052D9062C400810FBF /* _log.h */ = {isa = PBXFileReference; lastKnownFileType = sourcecode.c.h; path = _log.h; sourceTree = "<group>"; };
		212997062D9062C400810FBF /* bytes.c */ = {isa = PBXFileReference; lastKnownFileType = sourcecode.c.c; path = bytes.c; sourceTree = "<group>"; };
		212997072D9062C400810FBF /* cond.c */ = {isa = PBXFileReference; lastKnownFileType = sourcecode.c.c; path = cond.c; sourceTree = "<group>"; };
		212997082D9062C400810FBF /* dictionary.c */ = {isa = PBXFileReference; lastKnownFileType = sourcecode.c.c; path = dictionary.c; sourceTree = "<group>"; };
		212997092D9062C400810FBF /* dictionary_elem.c */ = {isa = PBXFileReference; lastKnownFileType = sourcecode.c.c; path = dictionary_elem.c; sourceTree = "<group>"; };
		2129970A2D9062C400810FBF /* list.c */ = {isa = PBXFileReference; lastKnownFileType = sourcecode.c.c; path = list.c; sourceTree = "<group>"; };
		2129970B2D9062C400810FBF /* log.c */ = {isa = PBXFileReference; lastKnownFileType = sourcecode.c.c; path = log.c; sourceTree = "<group>"; };
		2129970C2D9062C400810FBF /* logs.h */ = {isa = PBXFileReference; lastKnownFileType = sourcecode.c.h; path = logs.h; sourceTree = "<group>"; };
		2129970D2D9062C400810FBF /* logs.c */ = {isa = PBXFileReference; lastKnownFileType = sourcecode.c.c; path = logs.c; sourceTree = "<group>"; };
		2129970E2D9062C400810FBF /* mutex.h */ = {isa = PBXFileReference; lastKnownFileType = sourcecode.c.h; path = mutex.h; sourceTree = "<group>"; };
		2129970F2D9062C400810FBF /* mutex.c */ = {isa = PBXFileReference; lastKnownFileType = sourcecode.c.c; path = mutex.c; sourceTree = "<group>"; };
		212997102D9062C400810FBF /* string.c */ = {isa = PBXFileReference; lastKnownFileType = sourcecode.c.c; path = string.c; sourceTree = "<group>"; };
		212997112D9062C400810FBF /* string_function.c */ = {isa = PBXFileReference; lastKnownFileType = sourcecode.c.c; path = string_function.c; sourceTree = "<group>"; };
		212997122D9062C400810FBF /* string_tokenizer.c */ = {isa = PBXFileReference; lastKnownFileType = sourcecode.c.c; path = string_tokenizer.c; sourceTree = "<group>"; };
		212997132D9062C400810FBF /* thread.h */ = {isa = PBXFileReference; lastKnownFileType = sourcecode.c.h; path = thread.h; sourceTree = "<group>"; };
		212997142D9062C400810FBF /* thread.c */ = {isa = PBXFileReference; lastKnownFileType = sourcecode.c.c; path = thread.c; sourceTree = "<group>"; };
		212997152D9062C400810FBF /* thread_list.c */ = {isa = PBXFileReference; lastKnownFileType = sourcecode.c.c; path = thread_list.c; sourceTree = "<group>"; };
		212997162D9062C400810FBF /* time.c */ = {isa = PBXFileReference; lastKnownFileType = sourcecode.c.c; path = time.c; sourceTree = "<group>"; };
		21E2ADBA2D90583C00FB4907 /* liblibcgpr.a */ = {isa = PBXFileReference; explicitFileType = archive.ar; includeInIndex = 0; path = liblibcgpr.a; sourceTree = BUILT_PRODUCTS_DIR; };
/* End PBXFileReference section */

/* Begin PBXFrameworksBuildPhase section */
		21E2ADB82D90583C00FB4907 /* Frameworks */ = {
			isa = PBXFrameworksBuildPhase;
			buildActionMask = 2147483647;
			files = (
			);
			runOnlyForDeploymentPostprocessing = 0;
		};
/* End PBXFrameworksBuildPhase section */

/* Begin PBXGroup section */
		212996DD2D90629000810FBF /* net */ = {
			isa = PBXGroup;
			children = (
				212996DA2D90629000810FBF /* interface.h */,
				212996DB2D90629000810FBF /* socket.h */,
				212996DC2D90629000810FBF /* socket_opt.h */,
			);
			path = net;
			sourceTree = "<group>";
		};
		212996E82D90629000810FBF /* util */ = {
			isa = PBXGroup;
			children = (
				212996DE2D90629000810FBF /* bytes.h */,
				212996DF2D90629000810FBF /* cond.h */,
				212996E02D90629000810FBF /* dictionary.h */,
				212996E12D90629000810FBF /* list.h */,
				212996E22D90629000810FBF /* log.h */,
				212996E32D90629000810FBF /* mutex.h */,
				212996E42D90629000810FBF /* string.h */,
				212996E52D90629000810FBF /* thread.h */,
				212996E62D90629000810FBF /* time.h */,
			);
			path = util;
			sourceTree = "<group>";
		};
		212996EA2D90629000810FBF /* cgpr */ = {
			isa = PBXGroup;
			children = (
				212996DD2D90629000810FBF /* net */,
				212996E82D90629000810FBF /* util */,
			);
			path = cgpr;
			sourceTree = "<group>";
		};
		212996EE2D90629000810FBF /* include */ = {
			isa = PBXGroup;
			children = (
				212996EA2D90629000810FBF /* cgpr */,
				212996EB2D90629000810FBF /* Makefile.am */,
				212996EC2D90629000810FBF /* Makefile.in */,
				212996ED2D90629000810FBF /* Makefile.am.build */,
			);
			name = include;
			path = /Users/skonno/Src/cgpr/include;
			sourceTree = "<absolute>";
		};
		212997042D9062C400810FBF /* net */ = {
			isa = PBXGroup;
			children = (
				212996FD2D9062C400810FBF /* datagram_packet.c */,
				212996FE2D9062C400810FBF /* interface.c */,
				212996FF2D9062C400810FBF /* interface_function.c */,
				212997002D9062C400810FBF /* interface_list.c */,
				212997012D9062C400810FBF /* net_function.c */,
				212997022D9062C400810FBF /* socket.c */,
				212997032D9062C400810FBF /* socket_opt.c */,
			);
			path = net;
			sourceTree = "<group>";
		};
		212997192D9062C400810FBF /* util */ = {
			isa = PBXGroup;
			children = (
				212997052D9062C400810FBF /* _log.h */,
				212997062D9062C400810FBF /* bytes.c */,
				212997072D9062C400810FBF /* cond.c */,
				212997082D9062C400810FBF /* dictionary.c */,
				212997092D9062C400810FBF /* dictionary_elem.c */,
				2129970A2D9062C400810FBF /* list.c */,
				2129970B2D9062C400810FBF /* log.c */,
				2129970C2D9062C400810FBF /* logs.h */,
				2129970D2D9062C400810FBF /* logs.c */,
				2129970E2D9062C400810FBF /* mutex.h */,
				2129970F2D9062C400810FBF /* mutex.c */,
				212997102D9062C400810FBF /* string.c */,
				212997112D9062C400810FBF /* string_function.c */,
				212997122D9062C400810FBF /* string_tokenizer.c */,
				212997132D9062C400810FBF /* thread.h */,
				212997142D9062C400810FBF /* thread.c */,
				212997152D9062C400810FBF /* thread_list.c */,
				212997162D9062C400810FBF /* time.c */,
			);
			path = util;
			sourceTree = "<group>";
		};
		2129971A2D9062C400810FBF /* cgpr */ = {
			isa = PBXGroup;
			children = (
				212997042D9062C400810FBF /* net */,
				212997192D9062C400810FBF /* util */,
			);
			path = cgpr;
			sourceTree = "<group>";
		};
		2129971B2D9062C400810FBF /* src */ = {
			isa = PBXGroup;
			children = (
				2129971A2D9062C400810FBF /* cgpr */,
			);
			name = src;
			path = /Users/skonno/Src/cgpr/src;
			sourceTree = "<absolute>";
		};
		21E2ADB12D90583B00FB4907 = {
			isa = PBXGroup;
			children = (
				212996EE2D90629000810FBF /* include */,
				2129971B2D9062C400810FBF /* src */,
				21E2ADBB2D90583C00FB4907 /* Products */,
			);
			sourceTree = "<group>";
		};
		21E2ADBB2D90583C00FB4907 /* Products */ = {
			isa = PBXGroup;
			children = (
				21E2ADBA2D90583C00FB4907 /* liblibcgpr.a */,
			);
			name = Products;
			sourceTree = "<group>";
		};
/* End PBXGroup section */

/* Begin PBXHeadersBuildPhase section */
		21E2ADB62D90583C00FB4907 /* Headers */ = {
			isa = PBXHeadersBuildPhase;
			buildActionMask = 2147483647;
			files = (
				212996EF2D90629000810FBF /* interface.h in Headers */,
				212996F02D90629000810FBF /* bytes.h in Headers */,
				212996F12D90629000810FBF /* thread.h in Headers */,
				212996F22D90629000810FBF /* time.h in Headers */,
				212996F32D90629000810FBF /* list.h in Headers */,
				212996F42D90629000810FBF /* string.h in Headers */,
				212996F62D90629000810FBF /* socket_opt.h in Headers */,
				212996F72D90629000810FBF /* log.h in Headers */,
				212996F82D90629000810FBF /* mutex.h in Headers */,
				212996F92D90629000810FBF /* cond.h in Headers */,
				2129971C2D9062C400810FBF /* mutex.h in Headers */,
				2129971D2D9062C400810FBF /* logs.h in Headers */,
				2129971E2D9062C400810FBF /* thread.h in Headers */,
				2129971F2D9062C400810FBF /* _log.h in Headers */,
				212996FB2D90629000810FBF /* socket.h in Headers */,
				212996FC2D90629000810FBF /* dictionary.h in Headers */,
			);
			runOnlyForDeploymentPostprocessing = 0;
		};
/* End PBXHeadersBuildPhase section */

/* Begin PBXNativeTarget section */
		21E2ADB92D90583C00FB4907 /* libcgpr */ = {
			isa = PBXNativeTarget;
			buildConfigurationList = 21E2ADBE2D90583C00FB4907 /* Build configuration list for PBXNativeTarget "libcgpr" */;
			buildPhases = (
				21E2ADB62D90583C00FB4907 /* Headers */,
				21E2ADB72D90583C00FB4907 /* Sources */,
				21E2ADB82D90583C00FB4907 /* Frameworks */,
			);
			buildRules = (
			);
			dependencies = (
			);
			name = libcgpr;
			packageProductDependencies = (
			);
			productName = libcgpr;
			productReference = 21E2ADBA2D90583C00FB4907 /* liblibcgpr.a */;
			productType = "com.apple.product-type.library.static";
		};
/* End PBXNativeTarget section */

/* Begin PBXProject section */
		21E2ADB22D90583B00FB4907 /* Project object */ = {
			isa = PBXProject;
			attributes = {
				BuildIndependentTargetsInParallel = 1;
				LastUpgradeCheck = 1620;
				TargetAttributes = {
					21E2ADB92D90583C00FB4907 = {
						CreatedOnToolsVersion = 16.2;
					};
				};
			};
			buildConfigurationList = 21E2ADB52D90583B00FB4907 /* Build configuration list for PBXProject "libcgpr" */;
			developmentRegion = en;
			hasScannedForEncodings = 0;
			knownRegions = (
				en,
				Base,
			);
			mainGroup = 21E2ADB12D90583B00FB4907;
			minimizedProjectReferenceProxies = 1;
			preferredProjectObjectVersion = 77;
			productRefGroup = 21E2ADBB2D90583C00FB4907 /* Products */;
			projectDirPath = "";
			projectRoot = "";
			targets = (
				21E2ADB92D90583C00FB4907 /* libcgpr */,
			);
		};
/* End PBXProject section */

/* Begin PBXSourcesBuildPhase section */
		21E2ADB72D90583C00FB4907 /* Sources */ = {
			isa = PBXSourcesBuildPhase;
			buildActionMask = 2147483647;
			files = (
				212997202D9062C400810FBF /* time.c in Sources */,
				212997212D9062C400810FBF /* string.c in Sources */,
				212997232D9062C400810FBF /* interface_function.c in Sources */,
				212997242D9062C400810FBF /* thread_list.c in Sources */,
				212997252D9062C400810FBF /* net_function.c in Sources */,
				212997262D9062C400810FBF /* socket.c in Sources */,
				212997272D9062C400810FBF /* list.c in Sources */,
				212997282D9062C400810FBF /* thread.c in Sources */,
				212997292D9062C400810FBF /* dictionary_elem.c in Sources */,
				2129972A2D9062C400810FBF /* string_function.c in Sources */,
				2129972C2D9062C400810FBF /* socket_opt.c in Sources */,
				2129972D2D9062C400810FBF /* bytes.c in Sources */,
				2129972E2D9062C400810FBF /* cond.c in Sources */,
				2129972F2D9062C400810FBF /* datagram_packet.c in Sources */,
				212997302D9062C400810FBF /* mutex.c in Sources */,
				212997312D9062C400810FBF /* log.c in Sources */,
				212997322D9062C400810FBF /* interface_list.c in Sources */,
				212997332D9062C400810FBF /* logs.c in Sources */,
				212997342D9062C400810FBF /* interface.c in Sources */,
				212997352D9062C400810FBF /* dictionary.c in Sources */,
				212997362D9062C400810FBF /* string_tokenizer.c in Sources */,
			);
			runOnlyForDeploymentPostprocessing = 0;
		};
/* End PBXSourcesBuildPhase section */

/* Begin XCBuildConfiguration section */
		21E2ADBC2D90583C00FB4907 /* Debug */ = {
			isa = XCBuildConfiguration;
			buildSettings = {
				ALWAYS_SEARCH_USER_PATHS = NO;
				ASSETCATALOG_COMPILER_GENERATE_SWIFT_ASSET_SYMBOL_EXTENSIONS = YES;
				CLANG_ANALYZER_NONNULL = YES;
				CLANG_ANALYZER_NUMBER_OBJECT_CONVERSION = YES_AGGRESSIVE;
				CLANG_CXX_LANGUAGE_STANDARD = "gnu++20";
				CLANG_ENABLE_MODULES = YES;
				CLANG_ENABLE_OBJC_ARC = YES;
				CLANG_ENABLE_OBJC_WEAK = YES;
				CLANG_WARN_BLOCK_CAPTURE_AUTORELEASING = YES;
				CLANG_WARN_BOOL_CONVERSION = YES;
				CLANG_WARN_COMMA = YES;
				CLANG_WARN_CONSTANT_CONVERSION = YES;
				CLANG_WARN_DEPRECATED_OBJC_IMPLEMENTATIONS = YES;
				CLANG_WARN_DIRECT_OBJC_ISA_USAGE = YES_ERROR;
				CLANG_WARN_DOCUMENTATION_COMMENTS = YES;
				CLANG_WARN_EMPTY_BODY = YES;
				CLANG_WARN_ENUM_CONVERSION = YES;
				CLANG_WARN_INFINITE_RECURSION = YES;
				CLANG_WARN_INT_CONVERSION = YES;
				CLANG_WARN_NON_LITERAL_NULL_CONVERSION = YES;
				CLANG_WARN_OBJC_IMPLICIT_RETAIN_SELF = YES;
				CLANG_WARN_OBJC_LITERAL_CONVERSION = YES;
				CLANG_WARN_OBJC_ROOT_CLASS = YES_ERROR;
				CLANG_WARN_QUOTED_INCLUDE_IN_FRAMEWORK_HEADER = YES;
				CLANG_WARN_RANGE_LOOP_ANALYSIS = YES;
				CLANG_WARN_STRICT_PROTOTYPES = YES;
				CLANG_WARN_SUSPICIOUS_MOVE = YES;
				CLANG_WARN_UNGUARDED_AVAILABILITY = YES_AGGRESSIVE;
				CLANG_WARN_UNREACHABLE_CODE = YES;
				CLANG_WARN__DUPLICATE_METHOD_MATCH = YES;
				COPY_PHASE_STRIP = NO;
				DEBUG_INFORMATION_FORMAT = dwarf;
				ENABLE_STRICT_OBJC_MSGSEND = YES;
				ENABLE_TESTABILITY = YES;
				ENABLE_USER_SCRIPT_SANDBOXING = YES;
				GCC_C_LANGUAGE_STANDARD = gnu17;
				GCC_DYNAMIC_NO_PIC = NO;
				GCC_NO_COMMON_BLOCKS = YES;
				GCC_OPTIMIZATION_LEVEL = 0;
				GCC_PREPROCESSOR_DEFINITIONS = (
					"DEBUG=1",
					"$(inherited)",
				);
				GCC_WARN_64_TO_32_BIT_CONVERSION = YES;
				GCC_WARN_ABOUT_RETURN_TYPE = YES_ERROR;
				GCC_WARN_UNDECLARED_SELECTOR = YES;
				GCC_WARN_UNINITIALIZED_AUTOS = YES_AGGRESSIVE;
				GCC_WARN_UNUSED_FUNCTION = YES;
				GCC_WARN_UNUSED_VARIABLE = YES;
				LOCALIZATION_PREFERS_STRING_CATALOGS = YES;
				MACOSX_DEPLOYMENT_TARGET = 15.2;
				MTL_ENABLE_DEBUG_INFO = INCLUDE_SOURCE;
				MTL_FAST_MATH = YES;
				ONLY_ACTIVE_ARCH = YES;
				SDKROOT = macosx;
			};
			name = Debug;
		};
		21E2ADBD2D90583C00FB4907 /* Release */ = {
			isa = XCBuildConfiguration;
			buildSettings = {
				ALWAYS_SEARCH_USER_PATHS = NO;
				ASSETCATALOG_COMPILER_GENERATE_SWIFT_ASSET_SYMBOL_EXTENSIONS = YES;
				CLANG_ANALYZER_NONNULL = YES;
				CLANG_ANALYZER_NUMBER_OBJECT_CONVERSION = YES_AGGRESSIVE;
				CLANG_CXX_LANGUAGE_STANDARD = "gnu++20";
				CLANG_ENABLE_MODULES = YES;
				CLANG_ENABLE_OBJC_ARC = YES;
				CLANG_ENABLE_OBJC_WEAK = YES;
				CLANG_WARN_BLOCK_CAPTURE_AUTORELEASING = YES;
				CLANG_WARN_BOOL_CONVERSION = YES;
				CLANG_WARN_COMMA = YES;
				CLANG_WARN_CONSTANT_CONVERSION = YES;
				CLANG_WARN_DEPRECATED_OBJC_IMPLEMENTATIONS = YES;
				CLANG_WARN_DIRECT_OBJC_ISA_USAGE = YES_ERROR;
				CLANG_WARN_DOCUMENTATION_COMMENTS = YES;
				CLANG_WARN_EMPTY_BODY = YES;
				CLANG_WARN_ENUM_CONVERSION = YES;
				CLANG_WARN_INFINITE_RECURSION = YES;
				CLANG_WARN_INT_CONVERSION = YES;
				CLANG_WARN_NON_LITERAL_NULL_CONVERSION = YES;
				CLANG_WARN_OBJC_IMPLICIT_RETAIN_SELF = YES;
				CLANG_WARN_OBJC_LITERAL_CONVERSION = YES;
				CLANG_WARN_OBJC_ROOT_CLASS = YES_ERROR;
				CLANG_WARN_QUOTED_INCLUDE_IN_FRAMEWORK_HEADER = YES;
				CLANG_WARN_RANGE_LOOP_ANALYSIS = YES;
				CLANG_WARN_STRICT_PROTOTYPES = YES;
				CLANG_WARN_SUSPICIOUS_MOVE = YES;
				CLANG_WARN_UNGUARDED_AVAILABILITY = YES_AGGRESSIVE;
				CLANG_WARN_UNREACHABLE_CODE = YES;
				CLANG_WARN__DUPLICATE_METHOD_MATCH = YES;
				COPY_PHASE_STRIP = NO;
				DEBUG_INFORMATION_FORMAT = "dwarf-with-dsym";
				ENABLE_NS_ASSERTIONS = NO;
				ENABLE_STRICT_OBJC_MSGSEND = YES;
				ENABLE_USER_SCRIPT_SANDBOXING = YES;
				GCC_C_LANGUAGE_STANDARD = gnu17;
				GCC_NO_COMMON_BLOCKS = YES;
				GCC_WARN_64_TO_32_BIT_CONVERSION = YES;
				GCC_WARN_ABOUT_RETURN_TYPE = YES_ERROR;
				GCC_WARN_UNDECLARED_SELECTOR = YES;
				GCC_WARN_UNINITIALIZED_AUTOS = YES_AGGRESSIVE;
				GCC_WARN_UNUSED_FUNCTION = YES;
				GCC_WARN_UNUSED_VARIABLE = YES;
				LOCALIZATION_PREFERS_STRING_CATALOGS = YES;
				MACOSX_DEPLOYMENT_TARGET = 15.2;
				MTL_ENABLE_DEBUG_INFO = NO;
				MTL_FAST_MATH = YES;
				SDKROOT = macosx;
			};
			name = Release;
		};
		21E2ADBF2D90583C00FB4907 /* Debug */ = {
			isa = XCBuildConfiguration;
			buildSettings = {
				CODE_SIGN_STYLE = Automatic;
				EXECUTABLE_PREFIX = lib;
				HEADER_SEARCH_PATHS = (
					"$(PROJECT_DIR)/../../src",
					"\"$(PROJECT_DIR)/../../include\"",
				);
				PRODUCT_NAME = "$(TARGET_NAME)";
				SKIP_INSTALL = YES;
			};
			name = Debug;
		};
		21E2ADC02D90583C00FB4907 /* Release */ = {
			isa = XCBuildConfiguration;
			buildSettings = {
				CODE_SIGN_STYLE = Automatic;
				EXECUTABLE_PREFIX = lib;
				HEADER_SEARCH_PATHS = (
					"$(PROJECT_DIR)/../../src",
					"\"$(PROJECT_DIR)/../../include\"",
				);
				PRODUCT_NAME = "$(TARGET_NAME)";
				SKIP_INSTALL = YES;
			};
			name = Release;
		};
/* End XCBuildConfiguration section */

/* Begin XCConfigurationList section */
		21E2ADB52D90583B00FB4907 /* Build configuration list for PBXProject "libcgpr" */ = {
			isa = XCConfigurationList;
			buildConfigurations = (
				21E2ADBC2D90583C00FB4907 /* Debug */,
				21E2ADBD2D90583C00FB4907 /* Release */,
			);
			defaultConfigurationIsVisible = 0;
			defaultConfigurationName = Release;
		};
		21E2ADBE2D90583C00FB4907 /* Build configuration list for PBXNativeTarget "libcgpr" */ = {
			isa = XCConfigurationList;
			buildConfigurations = (
				21E2ADBF2D90583C00FB4907 /* Debug */,
				21E2ADC02D90583C00FB4907 /* Release */,
			);
			defaultConfigurationIsVisible = 0;
			defaultConfigurationName = Release;
		};
/* End XCConfigurationList section */
	};
	rootObject = 21E2ADB22D90583B00FB4907 /* Project object */;
}
